
Microsoft Visual Studio Solution File, Format Version 12.00
# Visual Studio Version 16
VisualStudioVersion = 16.0.30517.126
MinimumVisualStudioVersion = 10.0.40219.1
Project("{FAE04EC0-301F-11D3-BF4B-00C04F79EFBC}") = "Moviesapi", "Moviesapi\Moviesapi.csproj", "{990874F4-E6D8-42D8-9F50-F3D4C7109A5F}"
EndProject
Project("{FAE04EC0-301F-11D3-BF4B-00C04F79EFBC}") = "MoviesApiTest", "MoviesApiTest\MoviesApiTest.csproj", "{0A36C980-0285-4374-A472-B3271AA3D535}"
EndProject
Global
	GlobalSection(SolutionConfigurationPlatforms) = preSolution
		Debug|Any CPU = Debug|Any CPU
		Release|Any CPU = Release|Any CPU
	EndGlobalSection
	GlobalSection(ProjectConfigurationPlatforms) = postSolution
		{990874F4-E6D8-42D8-9F50-F3D4C7109A5F}.Debug|Any CPU.ActiveCfg = Debug|Any CPU
		{990874F4-E6D8-42D8-9F50-F3D4C7109A5F}.Debug|Any CPU.Build.0 = Debug|Any CPU
		{990874F4-E6D8-42D8-9F50-F3D4C7109A5F}.Release|Any CPU.ActiveCfg = Release|Any CPU
		{990874F4-E6D8-42D8-9F50-F3D4C7109A5F}.Release|Any CPU.Build.0 = Release|Any CPU
		{0A36C980-0285-4374-A472-B3271AA3D535}.Debug|Any CPU.ActiveCfg = Debug|Any CPU
		{0A36C980-0285-4374-A472-B3271AA3D535}.Debug|Any CPU.Build.0 = Debug|Any CPU
		{0A36C980-0285-4374-A472-B3271AA3D535}.Release|Any CPU.ActiveCfg = Release|Any CPU
		{0A36C980-0285-4374-A472-B3271AA3D535}.Release|Any CPU.Build.0 = Release|Any CPU
	EndGlobalSection
	GlobalSection(SolutionProperties) = preSolution
		HideSolutionNode = FALSE
	EndGlobalSection
	GlobalSection(ExtensibilityGlobals) = postSolution
		SolutionGuid = {8BE8E751-FDB0-458F-9673-65751565E2E8}
	EndGlobalSection
EndGlobal
